
Microsoft Visual Studio Solution File, Format Version 12.00
# Visual Studio 2012
Project("{FAE04EC0-301F-11D3-BF4B-00C04F79EFBC}") = "Site", "Site\Site.csproj", "{4D937837-8582-40A4-A6DE-B3048F3968E5}"
EndProject
Project("{FAE04EC0-301F-11D3-BF4B-00C04F79EFBC}") = "Site.Tests", "Site.Tests\Site.Tests.csproj", "{FBBAFC23-F698-45BB-83D0-3CCB8908BB80}"
EndProject
Global
	GlobalSection(SolutionConfigurationPlatforms) = preSolution
		Debug|Any CPU = Debug|Any CPU
		Release|Any CPU = Release|Any CPU
	EndGlobalSection
	GlobalSection(ProjectConfigurationPlatforms) = postSolution
		{4D937837-8582-40A4-A6DE-B3048F3968E5}.Debug|Any CPU.ActiveCfg = Debug|Any CPU
		{4D937837-8582-40A4-A6DE-B3048F3968E5}.Debug|Any CPU.Build.0 = Debug|Any CPU
		{4D937837-8582-40A4-A6DE-B3048F3968E5}.Release|Any CPU.ActiveCfg = Release|Any CPU
		{4D937837-8582-40A4-A6DE-B3048F3968E5}.Release|Any CPU.Build.0 = Release|Any CPU
		{FBBAFC23-F698-45BB-83D0-3CCB8908BB80}.Debug|Any CPU.ActiveCfg = Debug|Any CPU
		{FBBAFC23-F698-45BB-83D0-3CCB8908BB80}.Debug|Any CPU.Build.0 = Debug|Any CPU
		{FBBAFC23-F698-45BB-83D0-3CCB8908BB80}.Release|Any CPU.ActiveCfg = Release|Any CPU
		{FBBAFC23-F698-45BB-83D0-3CCB8908BB80}.Release|Any CPU.Build.0 = Release|Any CPU
	EndGlobalSection
	GlobalSection(SolutionProperties) = preSolution
		HideSolutionNode = FALSE
	EndGlobalSection
EndGlobal
